
Microsoft Visual Studio Solution File, Format Version 12.00
# Visual Studio Version 16
VisualStudioVersion = 16.0.29123.89
MinimumVisualStudioVersion = 10.0.40219.1
Project("{FAE04EC0-301F-11D3-BF4B-00C04F79EFBC}") = "AirshipSubmarinesMaterialCalculator", "AirshipSubmarinesMaterialCalculator\AirshipSubmarinesMaterialCalculator.csproj", "{2B8B1158-91EB-4B66-B711-9DE6174771CF}"
EndProject
Project("{9A19103F-16F7-4668-BE54-9A1E7A4F7556}") = "FFXIVCommonSetting", "ffxiv_commonsetting\FFXIVCommonSetting.csproj", "{AC7FF237-B2AC-4020-9B2C-CD3C41C9743E}"
EndProject
Project("{FAE04EC0-301F-11D3-BF4B-00C04F79EFBC}") = "FFXIVWikiSpider", "FFXIVWikiSpider\FFXIVWikiSpider.csproj", "{7118786B-CB3B-4D64-8D3C-C6E8E15303B2}"
EndProject
Global
	GlobalSection(SolutionConfigurationPlatforms) = preSolution
		Debug|Any CPU = Debug|Any CPU
		Release|Any CPU = Release|Any CPU
	EndGlobalSection
	GlobalSection(ProjectConfigurationPlatforms) = postSolution
		{2B8B1158-91EB-4B66-B711-9DE6174771CF}.Debug|Any CPU.ActiveCfg = Debug|Any CPU
		{2B8B1158-91EB-4B66-B711-9DE6174771CF}.Debug|Any CPU.Build.0 = Debug|Any CPU
		{2B8B1158-91EB-4B66-B711-9DE6174771CF}.Release|Any CPU.ActiveCfg = Release|Any CPU
		{2B8B1158-91EB-4B66-B711-9DE6174771CF}.Release|Any CPU.Build.0 = Release|Any CPU
		{AC7FF237-B2AC-4020-9B2C-CD3C41C9743E}.Debug|Any CPU.ActiveCfg = Debug|Any CPU
		{AC7FF237-B2AC-4020-9B2C-CD3C41C9743E}.Debug|Any CPU.Build.0 = Debug|Any CPU
		{AC7FF237-B2AC-4020-9B2C-CD3C41C9743E}.Release|Any CPU.ActiveCfg = Release|Any CPU
		{AC7FF237-B2AC-4020-9B2C-CD3C41C9743E}.Release|Any CPU.Build.0 = Release|Any CPU
		{7118786B-CB3B-4D64-8D3C-C6E8E15303B2}.Debug|Any CPU.ActiveCfg = Debug|Any CPU
		{7118786B-CB3B-4D64-8D3C-C6E8E15303B2}.Debug|Any CPU.Build.0 = Debug|Any CPU
		{7118786B-CB3B-4D64-8D3C-C6E8E15303B2}.Release|Any CPU.ActiveCfg = Release|Any CPU
		{7118786B-CB3B-4D64-8D3C-C6E8E15303B2}.Release|Any CPU.Build.0 = Release|Any CPU
	EndGlobalSection
	GlobalSection(SolutionProperties) = preSolution
		HideSolutionNode = FALSE
	EndGlobalSection
	GlobalSection(ExtensibilityGlobals) = postSolution
		SolutionGuid = {4E5611F3-5C53-42A0-BF23-5603DCBC667C}
	EndGlobalSection
EndGlobal
